// !$*UTF8*$!
{
	archiveVersion = 1;
	classes = {
	};
	objectVersion = 46;
	objects = {

/* Begin PBXBuildFile section */
		0A315BD61A8B424100AB893B /* PlaidTest.m in Sources */ = {isa = PBXBuildFile; fileRef = 0A315BD11A8B424100AB893B /* PlaidTest.m */; };
		0A315BD71A8B424100AB893B /* PLDOperationTests.m in Sources */ = {isa = PBXBuildFile; fileRef = 0A315BD21A8B424100AB893B /* PLDOperationTests.m */; };
		0A315BD81A8B424100AB893B /* PLDServiceManagerTest.m in Sources */ = {isa = PBXBuildFile; fileRef = 0A315BD31A8B424100AB893B /* PLDServiceManagerTest.m */; };
		0A315BD91A8B424100AB893B /* PLDTestUtilities.m in Sources */ = {isa = PBXBuildFile; fileRef = 0A315BD51A8B424100AB893B /* PLDTestUtilities.m */; };
		0A9AD7141AA3DF8C009647D1 /* AppDelegate.m in Sources */ = {isa = PBXBuildFile; fileRef = 0A9AD7111AA3DF8C009647D1 /* AppDelegate.m */; };
		0A9AD7151AA3DF8C009647D1 /* Info.plist in Resources */ = {isa = PBXBuildFile; fileRef = 0A9AD7121AA3DF8C009647D1 /* Info.plist */; };
		0A9AD7161AA3DF8C009647D1 /* main.m in Sources */ = {isa = PBXBuildFile; fileRef = 0A9AD7131AA3DF8C009647D1 /* main.m */; };
		708265E8664165CA41A57F8A /* libPods-PlaidKit.a in Frameworks */ = {isa = PBXBuildFile; fileRef = FAE86015BCF7B4D804F7A2B3 /* libPods-PlaidKit.a */; };
		7A2A292B92A5042553389579 /* libPods-PlaidKitTests.a in Frameworks */ = {isa = PBXBuildFile; fileRef = 8DC170FB97906E38D1AAA59E /* libPods-PlaidKitTests.a */; };
/* End PBXBuildFile section */

/* Begin PBXContainerItemProxy section */
		0A315B481A8B420B00AB893B /* PBXContainerItemProxy */ = {
			isa = PBXContainerItemProxy;
			containerPortal = 0A315B231A8B420B00AB893B /* Project object */;
			proxyType = 1;
			remoteGlobalIDString = 0A315B2A1A8B420B00AB893B;
			remoteInfo = PlaidKit;
		};
/* End PBXContainerItemProxy section */

/* Begin PBXFileReference section */
		0A315B2B1A8B420B00AB893B /* PlaidKit.app */ = {isa = PBXFileReference; explicitFileType = wrapper.application; includeInIndex = 0; path = PlaidKit.app; sourceTree = BUILT_PRODUCTS_DIR; };
		0A315B471A8B420B00AB893B /* PlaidKitTests.xctest */ = {isa = PBXFileReference; explicitFileType = wrapper.cfbundle; includeInIndex = 0; path = PlaidKitTests.xctest; sourceTree = BUILT_PRODUCTS_DIR; };
		0A315B4C1A8B420B00AB893B /* Info.plist */ = {isa = PBXFileReference; lastKnownFileType = text.plist.xml; path = Info.plist; sourceTree = "<group>"; };
		0A315BD11A8B424100AB893B /* PlaidTest.m */ = {isa = PBXFileReference; fileEncoding = 4; lastKnownFileType = sourcecode.c.objc; path = PlaidTest.m; sourceTree = "<group>"; };
		0A315BD21A8B424100AB893B /* PLDOperationTests.m */ = {isa = PBXFileReference; fileEncoding = 4; lastKnownFileType = sourcecode.c.objc; path = PLDOperationTests.m; sourceTree = "<group>"; };
		0A315BD31A8B424100AB893B /* PLDServiceManagerTest.m */ = {isa = PBXFileReference; fileEncoding = 4; lastKnownFileType = sourcecode.c.objc; path = PLDServiceManagerTest.m; sourceTree = "<group>"; };
		0A315BD41A8B424100AB893B /* PLDTestUtilities.h */ = {isa = PBXFileReference; fileEncoding = 4; lastKnownFileType = sourcecode.c.h; path = PLDTestUtilities.h; sourceTree = "<group>"; };
		0A315BD51A8B424100AB893B /* PLDTestUtilities.m */ = {isa = PBXFileReference; fileEncoding = 4; lastKnownFileType = sourcecode.c.objc; path = PLDTestUtilities.m; sourceTree = "<group>"; };
		0A9AD7101AA3DF8C009647D1 /* AppDelegate.h */ = {isa = PBXFileReference; fileEncoding = 4; lastKnownFileType = sourcecode.c.h; name = AppDelegate.h; path = PlaidKit/AppDelegate.h; sourceTree = "<group>"; };
		0A9AD7111AA3DF8C009647D1 /* AppDelegate.m */ = {isa = PBXFileReference; fileEncoding = 4; lastKnownFileType = sourcecode.c.objc; name = AppDelegate.m; path = PlaidKit/AppDelegate.m; sourceTree = "<group>"; };
		0A9AD7121AA3DF8C009647D1 /* Info.plist */ = {isa = PBXFileReference; fileEncoding = 4; lastKnownFileType = text.plist.xml; name = Info.plist; path = PlaidKit/Info.plist; sourceTree = "<group>"; };
		0A9AD7131AA3DF8C009647D1 /* main.m */ = {isa = PBXFileReference; fileEncoding = 4; lastKnownFileType = sourcecode.c.objc; name = main.m; path = PlaidKit/main.m; sourceTree = "<group>"; };
		51F836F691CDDC63C569B19D /* Pods-PlaidKit.debug.xcconfig */ = {isa = PBXFileReference; includeInIndex = 1; lastKnownFileType = text.xcconfig; name = "Pods-PlaidKit.debug.xcconfig"; path = "Pods/Target Support Files/Pods-PlaidKit/Pods-PlaidKit.debug.xcconfig"; sourceTree = "<group>"; };
		8DC170FB97906E38D1AAA59E /* libPods-PlaidKitTests.a */ = {isa = PBXFileReference; explicitFileType = archive.ar; includeInIndex = 0; path = "libPods-PlaidKitTests.a"; sourceTree = BUILT_PRODUCTS_DIR; };
		9F9FA2B6553BB491F4470E3D /* Pods-PlaidKitTests.release.xcconfig */ = {isa = PBXFileReference; includeInIndex = 1; lastKnownFileType = text.xcconfig; name = "Pods-PlaidKitTests.release.xcconfig"; path = "Pods/Target Support Files/Pods-PlaidKitTests/Pods-PlaidKitTests.release.xcconfig"; sourceTree = "<group>"; };
		B8D97C01854AFDB1D85AF631 /* Pods-PlaidKit.release.xcconfig */ = {isa = PBXFileReference; includeInIndex = 1; lastKnownFileType = text.xcconfig; name = "Pods-PlaidKit.release.xcconfig"; path = "Pods/Target Support Files/Pods-PlaidKit/Pods-PlaidKit.release.xcconfig"; sourceTree = "<group>"; };
		D13FB198C6C407609803FA1A /* Pods-PlaidKitTests.debug.xcconfig */ = {isa = PBXFileReference; includeInIndex = 1; lastKnownFileType = text.xcconfig; name = "Pods-PlaidKitTests.debug.xcconfig"; path = "Pods/Target Support Files/Pods-PlaidKitTests/Pods-PlaidKitTests.debug.xcconfig"; sourceTree = "<group>"; };
		FAE86015BCF7B4D804F7A2B3 /* libPods-PlaidKit.a */ = {isa = PBXFileReference; explicitFileType = archive.ar; includeInIndex = 0; path = "libPods-PlaidKit.a"; sourceTree = BUILT_PRODUCTS_DIR; };
/* End PBXFileReference section */

/* Begin PBXFrameworksBuildPhase section */
		0A315B281A8B420B00AB893B /* Frameworks */ = {
			isa = PBXFrameworksBuildPhase;
			buildActionMask = 2147483647;
			files = (
				708265E8664165CA41A57F8A /* libPods-PlaidKit.a in Frameworks */,
			);
			runOnlyForDeploymentPostprocessing = 0;
		};
		0A315B441A8B420B00AB893B /* Frameworks */ = {
			isa = PBXFrameworksBuildPhase;
			buildActionMask = 2147483647;
			files = (
				7A2A292B92A5042553389579 /* libPods-PlaidKitTests.a in Frameworks */,
			);
			runOnlyForDeploymentPostprocessing = 0;
		};
/* End PBXFrameworksBuildPhase section */

/* Begin PBXGroup section */
		0A315B221A8B420B00AB893B = {
			isa = PBXGroup;
			children = (
				0A9AD7171AA3DF8F009647D1 /* PlaidKit */,
				0A315B4A1A8B420B00AB893B /* PlaidKitTests */,
				0A315B2C1A8B420B00AB893B /* Products */,
				EED497D148F86974A3EE448E /* Pods */,
				D26D5900D5B8E695F91678AD /* Frameworks */,
			);
			sourceTree = "<group>";
		};
		0A315B2C1A8B420B00AB893B /* Products */ = {
			isa = PBXGroup;
			children = (
				0A315B2B1A8B420B00AB893B /* PlaidKit.app */,
				0A315B471A8B420B00AB893B /* PlaidKitTests.xctest */,
			);
			name = Products;
			sourceTree = "<group>";
		};
		0A315B4A1A8B420B00AB893B /* PlaidKitTests */ = {
			isa = PBXGroup;
			children = (
				0A315BD11A8B424100AB893B /* PlaidTest.m */,
				0A315BD21A8B424100AB893B /* PLDOperationTests.m */,
				0A315BD31A8B424100AB893B /* PLDServiceManagerTest.m */,
				0A315BD41A8B424100AB893B /* PLDTestUtilities.h */,
				0A315BD51A8B424100AB893B /* PLDTestUtilities.m */,
				0A315B4B1A8B420B00AB893B /* Supporting Files */,
			);
			path = PlaidKitTests;
			sourceTree = "<group>";
		};
		0A315B4B1A8B420B00AB893B /* Supporting Files */ = {
			isa = PBXGroup;
			children = (
				0A315B4C1A8B420B00AB893B /* Info.plist */,
			);
			name = "Supporting Files";
			sourceTree = "<group>";
		};
		0A9AD7171AA3DF8F009647D1 /* PlaidKit */ = {
			isa = PBXGroup;
			children = (
				0A9AD7101AA3DF8C009647D1 /* AppDelegate.h */,
				0A9AD7111AA3DF8C009647D1 /* AppDelegate.m */,
				0A9AD7121AA3DF8C009647D1 /* Info.plist */,
				0A9AD7131AA3DF8C009647D1 /* main.m */,
			);
			name = PlaidKit;
			sourceTree = "<group>";
		};
		D26D5900D5B8E695F91678AD /* Frameworks */ = {
			isa = PBXGroup;
			children = (
				FAE86015BCF7B4D804F7A2B3 /* libPods-PlaidKit.a */,
				8DC170FB97906E38D1AAA59E /* libPods-PlaidKitTests.a */,
			);
			name = Frameworks;
			sourceTree = "<group>";
		};
		EED497D148F86974A3EE448E /* Pods */ = {
			isa = PBXGroup;
			children = (
				51F836F691CDDC63C569B19D /* Pods-PlaidKit.debug.xcconfig */,
				B8D97C01854AFDB1D85AF631 /* Pods-PlaidKit.release.xcconfig */,
				D13FB198C6C407609803FA1A /* Pods-PlaidKitTests.debug.xcconfig */,
				9F9FA2B6553BB491F4470E3D /* Pods-PlaidKitTests.release.xcconfig */,
			);
			name = Pods;
			sourceTree = "<group>";
		};
/* End PBXGroup section */

/* Begin PBXNativeTarget section */
		0A315B2A1A8B420B00AB893B /* PlaidKit */ = {
			isa = PBXNativeTarget;
			buildConfigurationList = 0A315B511A8B420B00AB893B /* Build configuration list for PBXNativeTarget "PlaidKit" */;
			buildPhases = (
				C99C50ED39236A3A71DC185D /* Check Pods Manifest.lock */,
				0A315B271A8B420B00AB893B /* Sources */,
				0A315B281A8B420B00AB893B /* Frameworks */,
				0A315B291A8B420B00AB893B /* Resources */,
				7969DFCF5854E4C1C2D18266 /* Copy Pods Resources */,
			);
			buildRules = (
			);
			dependencies = (
			);
			name = PlaidKit;
			productName = PlaidKit;
			productReference = 0A315B2B1A8B420B00AB893B /* PlaidKit.app */;
			productType = "com.apple.product-type.application";
		};
		0A315B461A8B420B00AB893B /* PlaidKitTests */ = {
			isa = PBXNativeTarget;
			buildConfigurationList = 0A315B541A8B420B00AB893B /* Build configuration list for PBXNativeTarget "PlaidKitTests" */;
			buildPhases = (
				DF45203F58CA2BF91C7A59D0 /* Check Pods Manifest.lock */,
				0A315B431A8B420B00AB893B /* Sources */,
				0A315B441A8B420B00AB893B /* Frameworks */,
				0A315B451A8B420B00AB893B /* Resources */,
				15DC821A9D759747078912C4 /* Copy Pods Resources */,
			);
			buildRules = (
			);
			dependencies = (
				0A315B491A8B420B00AB893B /* PBXTargetDependency */,
			);
			name = PlaidKitTests;
			productName = PlaidKitTests;
			productReference = 0A315B471A8B420B00AB893B /* PlaidKitTests.xctest */;
			productType = "com.apple.product-type.bundle.unit-test";
		};
/* End PBXNativeTarget section */

/* Begin PBXProject section */
		0A315B231A8B420B00AB893B /* Project object */ = {
			isa = PBXProject;
			attributes = {
				LastUpgradeCheck = 0600;
				ORGANIZATIONNAME = "Kevin Coleman";
				TargetAttributes = {
					0A315B2A1A8B420B00AB893B = {
						CreatedOnToolsVersion = 6.0.1;
					};
					0A315B461A8B420B00AB893B = {
						CreatedOnToolsVersion = 6.0.1;
						TestTargetID = 0A315B2A1A8B420B00AB893B;
					};
				};
			};
			buildConfigurationList = 0A315B261A8B420B00AB893B /* Build configuration list for PBXProject "PlaidKit" */;
			compatibilityVersion = "Xcode 3.2";
			developmentRegion = English;
			hasScannedForEncodings = 0;
			knownRegions = (
				en,
				Base,
			);
			mainGroup = 0A315B221A8B420B00AB893B;
			productRefGroup = 0A315B2C1A8B420B00AB893B /* Products */;
			projectDirPath = "";
			projectRoot = "";
			targets = (
				0A315B2A1A8B420B00AB893B /* PlaidKit */,
				0A315B461A8B420B00AB893B /* PlaidKitTests */,
			);
		};
/* End PBXProject section */

/* Begin PBXResourcesBuildPhase section */
		0A315B291A8B420B00AB893B /* Resources */ = {
			isa = PBXResourcesBuildPhase;
			buildActionMask = 2147483647;
			files = (
				0A9AD7151AA3DF8C009647D1 /* Info.plist in Resources */,
			);
			runOnlyForDeploymentPostprocessing = 0;
		};
		0A315B451A8B420B00AB893B /* Resources */ = {
			isa = PBXResourcesBuildPhase;
			buildActionMask = 2147483647;
			files = (
			);
			runOnlyForDeploymentPostprocessing = 0;
		};
/* End PBXResourcesBuildPhase section */

/* Begin PBXShellScriptBuildPhase section */
		15DC821A9D759747078912C4 /* Copy Pods Resources */ = {
			isa = PBXShellScriptBuildPhase;
			buildActionMask = 2147483647;
			files = (
			);
			inputPaths = (
			);
			name = "Copy Pods Resources";
			outputPaths = (
			);
			runOnlyForDeploymentPostprocessing = 0;
			shellPath = /bin/sh;
			shellScript = "\"${SRCROOT}/Pods/Target Support Files/Pods-PlaidKitTests/Pods-PlaidKitTests-resources.sh\"\n";
			showEnvVarsInLog = 0;
		};
		7969DFCF5854E4C1C2D18266 /* Copy Pods Resources */ = {
			isa = PBXShellScriptBuildPhase;
			buildActionMask = 2147483647;
			files = (
			);
			inputPaths = (
			);
			name = "Copy Pods Resources";
			outputPaths = (
			);
			runOnlyForDeploymentPostprocessing = 0;
			shellPath = /bin/sh;
			shellScript = "\"${SRCROOT}/Pods/Target Support Files/Pods-PlaidKit/Pods-PlaidKit-resources.sh\"\n";
			showEnvVarsInLog = 0;
		};
		C99C50ED39236A3A71DC185D /* Check Pods Manifest.lock */ = {
			isa = PBXShellScriptBuildPhase;
			buildActionMask = 2147483647;
			files = (
			);
			inputPaths = (
			);
			name = "Check Pods Manifest.lock";
			outputPaths = (
			);
			runOnlyForDeploymentPostprocessing = 0;
			shellPath = /bin/sh;
			shellScript = "diff \"${PODS_ROOT}/../Podfile.lock\" \"${PODS_ROOT}/Manifest.lock\" > /dev/null\nif [[ $? != 0 ]] ; then\n    cat << EOM\nerror: The sandbox is not in sync with the Podfile.lock. Run 'pod install' or update your CocoaPods installation.\nEOM\n    exit 1\nfi\n";
			showEnvVarsInLog = 0;
		};
		DF45203F58CA2BF91C7A59D0 /* Check Pods Manifest.lock */ = {
			isa = PBXShellScriptBuildPhase;
			buildActionMask = 2147483647;
			files = (
			);
			inputPaths = (
			);
			name = "Check Pods Manifest.lock";
			outputPaths = (
			);
			runOnlyForDeploymentPostprocessing = 0;
			shellPath = /bin/sh;
			shellScript = "diff \"${PODS_ROOT}/../Podfile.lock\" \"${PODS_ROOT}/Manifest.lock\" > /dev/null\nif [[ $? != 0 ]] ; then\n    cat << EOM\nerror: The sandbox is not in sync with the Podfile.lock. Run 'pod install' or update your CocoaPods installation.\nEOM\n    exit 1\nfi\n";
			showEnvVarsInLog = 0;
		};
/* End PBXShellScriptBuildPhase section */

/* Begin PBXSourcesBuildPhase section */
		0A315B271A8B420B00AB893B /* Sources */ = {
			isa = PBXSourcesBuildPhase;
			buildActionMask = 2147483647;
			files = (
				0A9AD7161AA3DF8C009647D1 /* main.m in Sources */,
				0A9AD7141AA3DF8C009647D1 /* AppDelegate.m in Sources */,
			);
			runOnlyForDeploymentPostprocessing = 0;
		};
		0A315B431A8B420B00AB893B /* Sources */ = {
			isa = PBXSourcesBuildPhase;
			buildActionMask = 2147483647;
			files = (
				0A315BD61A8B424100AB893B /* PlaidTest.m in Sources */,
				0A315BD71A8B424100AB893B /* PLDOperationTests.m in Sources */,
				0A315BD81A8B424100AB893B /* PLDServiceManagerTest.m in Sources */,
				0A315BD91A8B424100AB893B /* PLDTestUtilities.m in Sources */,
			);
			runOnlyForDeploymentPostprocessing = 0;
		};
/* End PBXSourcesBuildPhase section */

/* Begin PBXTargetDependency section */
		0A315B491A8B420B00AB893B /* PBXTargetDependency */ = {
			isa = PBXTargetDependency;
			target = 0A315B2A1A8B420B00AB893B /* PlaidKit */;
			targetProxy = 0A315B481A8B420B00AB893B /* PBXContainerItemProxy */;
		};
/* End PBXTargetDependency section */

/* Begin XCBuildConfiguration section */
		0A315B4F1A8B420B00AB893B /* Debug */ = {
			isa = XCBuildConfiguration;
			buildSettings = {
				ALWAYS_SEARCH_USER_PATHS = NO;
				CLANG_CXX_LANGUAGE_STANDARD = "gnu++0x";
				CLANG_CXX_LIBRARY = "libc++";
				CLANG_ENABLE_MODULES = YES;
				CLANG_ENABLE_OBJC_ARC = YES;
				CLANG_WARN_BOOL_CONVERSION = YES;
				CLANG_WARN_CONSTANT_CONVERSION = YES;
				CLANG_WARN_DIRECT_OBJC_ISA_USAGE = YES_ERROR;
				CLANG_WARN_EMPTY_BODY = YES;
				CLANG_WARN_ENUM_CONVERSION = YES;
				CLANG_WARN_INT_CONVERSION = YES;
				CLANG_WARN_OBJC_ROOT_CLASS = YES_ERROR;
				CLANG_WARN_UNREACHABLE_CODE = YES;
				CLANG_WARN__DUPLICATE_METHOD_MATCH = YES;
				"CODE_SIGN_IDENTITY[sdk=iphoneos*]" = "iPhone Developer";
				COPY_PHASE_STRIP = NO;
				ENABLE_STRICT_OBJC_MSGSEND = YES;
				GCC_C_LANGUAGE_STANDARD = gnu99;
				GCC_DYNAMIC_NO_PIC = NO;
				GCC_OPTIMIZATION_LEVEL = 0;
				GCC_PREPROCESSOR_DEFINITIONS = (
					"DEBUG=1",
					"$(inherited)",
				);
				GCC_SYMBOLS_PRIVATE_EXTERN = NO;
				GCC_WARN_64_TO_32_BIT_CONVERSION = YES;
				GCC_WARN_ABOUT_RETURN_TYPE = YES_ERROR;
				GCC_WARN_UNDECLARED_SELECTOR = YES;
				GCC_WARN_UNINITIALIZED_AUTOS = YES_AGGRESSIVE;
				GCC_WARN_UNUSED_FUNCTION = YES;
				GCC_WARN_UNUSED_VARIABLE = YES;
				IPHONEOS_DEPLOYMENT_TARGET = 8.0;
				MTL_ENABLE_DEBUG_INFO = YES;
				ONLY_ACTIVE_ARCH = YES;
				SDKROOT = iphoneos;
			};
			name = Debug;
		};
		0A315B501A8B420B00AB893B /* Release */ = {
			isa = XCBuildConfiguration;
			buildSettings = {
				ALWAYS_SEARCH_USER_PATHS = NO;
				CLANG_CXX_LANGUAGE_STANDARD = "gnu++0x";
				CLANG_CXX_LIBRARY = "libc++";
				CLANG_ENABLE_MODULES = YES;
				CLANG_ENABLE_OBJC_ARC = YES;
				CLANG_WARN_BOOL_CONVERSION = YES;
				CLANG_WARN_CONSTANT_CONVERSION = YES;
				CLANG_WARN_DIRECT_OBJC_ISA_USAGE = YES_ERROR;
				CLANG_WARN_EMPTY_BODY = YES;
				CLANG_WARN_ENUM_CONVERSION = YES;
				CLANG_WARN_INT_CONVERSION = YES;
				CLANG_WARN_OBJC_ROOT_CLASS = YES_ERROR;
				CLANG_WARN_UNREACHABLE_CODE = YES;
				CLANG_WARN__DUPLICATE_METHOD_MATCH = YES;
				"CODE_SIGN_IDENTITY[sdk=iphoneos*]" = "iPhone Developer";
				COPY_PHASE_STRIP = YES;
				ENABLE_NS_ASSERTIONS = NO;
				ENABLE_STRICT_OBJC_MSGSEND = YES;
				GCC_C_LANGUAGE_STANDARD = gnu99;
				GCC_WARN_64_TO_32_BIT_CONVERSION = YES;
				GCC_WARN_ABOUT_RETURN_TYPE = YES_ERROR;
				GCC_WARN_UNDECLARED_SELECTOR = YES;
				GCC_WARN_UNINITIALIZED_AUTOS = YES_AGGRESSIVE;
				GCC_WARN_UNUSED_FUNCTION = YES;
				GCC_WARN_UNUSED_VARIABLE = YES;
				IPHONEOS_DEPLOYMENT_TARGET = 8.0;
				MTL_ENABLE_DEBUG_INFO = NO;
				SDKROOT = iphoneos;
				VALIDATE_PRODUCT = YES;
			};
			name = Release;
		};
		0A315B521A8B420B00AB893B /* Debug */ = {
			isa = XCBuildConfiguration;
			baseConfigurationReference = 51F836F691CDDC63C569B19D /* Pods-PlaidKit.debug.xcconfig */;
			buildSettings = {
				ASSETCATALOG_COMPILER_APPICON_NAME = AppIcon;
				INFOPLIST_FILE = PlaidKit/Info.plist;
				LD_RUNPATH_SEARCH_PATHS = "$(inherited) @executable_path/Frameworks";
				PRODUCT_NAME = "$(TARGET_NAME)";
			};
			name = Debug;
		};
		0A315B531A8B420B00AB893B /* Release */ = {
			isa = XCBuildConfiguration;
			baseConfigurationReference = B8D97C01854AFDB1D85AF631 /* Pods-PlaidKit.release.xcconfig */;
			buildSettings = {
				ASSETCATALOG_COMPILER_APPICON_NAME = AppIcon;
				INFOPLIST_FILE = PlaidKit/Info.plist;
				LD_RUNPATH_SEARCH_PATHS = "$(inherited) @executable_path/Frameworks";
				PRODUCT_NAME = "$(TARGET_NAME)";
			};
			name = Release;
		};
		0A315B551A8B420B00AB893B /* Debug */ = {
			isa = XCBuildConfiguration;
			baseConfigurationReference = D13FB198C6C407609803FA1A /* Pods-PlaidKitTests.debug.xcconfig */;
			buildSettings = {
				BUNDLE_LOADER = "$(TEST_HOST)";
				FRAMEWORK_SEARCH_PATHS = (
					"$(SDKROOT)/Developer/Library/Frameworks",
					"$(inherited)",
				);
				GCC_PREPROCESSOR_DEFINITIONS = (
					"DEBUG=1",
					"$(inherited)",
				);
				INFOPLIST_FILE = PlaidKitTests/Info.plist;
				LD_RUNPATH_SEARCH_PATHS = "$(inherited) @executable_path/Frameworks @loader_path/Frameworks";
				PRODUCT_NAME = "$(TARGET_NAME)";
				TEST_HOST = "$(BUILT_PRODUCTS_DIR)/PlaidKit.app/PlaidKit";
			};
			name = Debug;
		};
		0A315B561A8B420B00AB893B /* Release */ = {
			isa = XCBuildConfiguration;
			baseConfigurationReference = 9F9FA2B6553BB491F4470E3D /* Pods-PlaidKitTests.release.xcconfig */;
			buildSettings = {
				BUNDLE_LOADER = "$(TEST_HOST)";
				FRAMEWORK_SEARCH_PATHS = (
					"$(SDKROOT)/Developer/Library/Frameworks",
					"$(inherited)",
				);
				INFOPLIST_FILE = PlaidKitTests/Info.plist;
				LD_RUNPATH_SEARCH_PATHS = "$(inherited) @executable_path/Frameworks @loader_path/Frameworks";
				PRODUCT_NAME = "$(TARGET_NAME)";
				TEST_HOST = "$(BUILT_PRODUCTS_DIR)/PlaidKit.app/PlaidKit";
			};
			name = Release;
		};
/* End XCBuildConfiguration section */

/* Begin XCConfigurationList section */
		0A315B261A8B420B00AB893B /* Build configuration list for PBXProject "PlaidKit" */ = {
			isa = XCConfigurationList;
			buildConfigurations = (
				0A315B4F1A8B420B00AB893B /* Debug */,
				0A315B501A8B420B00AB893B /* Release */,
			);
			defaultConfigurationIsVisible = 0;
			defaultConfigurationName = Release;
		};
		0A315B511A8B420B00AB893B /* Build configuration list for PBXNativeTarget "PlaidKit" */ = {
			isa = XCConfigurationList;
			buildConfigurations = (
				0A315B521A8B420B00AB893B /* Debug */,
				0A315B531A8B420B00AB893B /* Release */,
			);
			defaultConfigurationIsVisible = 0;
			defaultConfigurationName = Release;
		};
		0A315B541A8B420B00AB893B /* Build configuration list for PBXNativeTarget "PlaidKitTests" */ = {
			isa = XCConfigurationList;
			buildConfigurations = (
				0A315B551A8B420B00AB893B /* Debug */,
				0A315B561A8B420B00AB893B /* Release */,
			);
			defaultConfigurationIsVisible = 0;
			defaultConfigurationName = Release;
		};
/* End XCConfigurationList section */
	};
	rootObject = 0A315B231A8B420B00AB893B /* Project object */;
}
