// !$*UTF8*$!
{
	archiveVersion = 1;
	classes = {
	};
	objectVersion = 46;
	objects = {

/* Begin PBXBuildFile section */
		0A315B3D1A8B420B00AB893B /* Main.storyboard in Resources */ = {isa = PBXBuildFile; fileRef = 0A315B3B1A8B420B00AB893B /* Main.storyboard */; };
		0A315B3F1A8B420B00AB893B /* Images.xcassets in Resources */ = {isa = PBXBuildFile; fileRef = 0A315B3E1A8B420B00AB893B /* Images.xcassets */; };
		0A315B421A8B420B00AB893B /* LaunchScreen.xib in Resources */ = {isa = PBXBuildFile; fileRef = 0A315B401A8B420B00AB893B /* LaunchScreen.xib */; };
		0A315B4E1A8B420B00AB893B /* PlaidKitTests.m in Sources */ = {isa = PBXBuildFile; fileRef = 0A315B4D1A8B420B00AB893B /* PlaidKitTests.m */; };
		0A315BAD1A8B423800AB893B /* PLDFetchCategoriesOperation.m in Sources */ = {isa = PBXBuildFile; fileRef = 0A315B5E1A8B423800AB893B /* PLDFetchCategoriesOperation.m */; };
		0A315BAE1A8B423800AB893B /* PLDFetchInstitutionsOperation.m in Sources */ = {isa = PBXBuildFile; fileRef = 0A315B601A8B423800AB893B /* PLDFetchInstitutionsOperation.m */; };
		0A315BAF1A8B423800AB893B /* PLDFetchTransactionsOperation.m in Sources */ = {isa = PBXBuildFile; fileRef = 0A315B621A8B423800AB893B /* PLDFetchTransactionsOperation.m */; };
		0A315BB01A8B423800AB893B /* PLDPersistAccountsOperation.m in Sources */ = {isa = PBXBuildFile; fileRef = 0A315B651A8B423800AB893B /* PLDPersistAccountsOperation.m */; };
		0A315BB11A8B423800AB893B /* PLDPersistCategoriesOperation.m in Sources */ = {isa = PBXBuildFile; fileRef = 0A315B671A8B423800AB893B /* PLDPersistCategoriesOperation.m */; };
		0A315BB21A8B423800AB893B /* PLDPersistInstitutionsOperation.m in Sources */ = {isa = PBXBuildFile; fileRef = 0A315B691A8B423800AB893B /* PLDPersistInstitutionsOperation.m */; };
		0A315BB31A8B423800AB893B /* PLDPersistTransactionsOperation.m in Sources */ = {isa = PBXBuildFile; fileRef = 0A315B6B1A8B423800AB893B /* PLDPersistTransactionsOperation.m */; };
		0A315BB51A8B423800AB893B /* PLDOperation.m in Sources */ = {isa = PBXBuildFile; fileRef = 0A315B6F1A8B423800AB893B /* PLDOperation.m */; };
		0A315BB61A8B423800AB893B /* PLDOperationController.m in Sources */ = {isa = PBXBuildFile; fileRef = 0A315B711A8B423800AB893B /* PLDOperationController.m */; };
		0A315BB71A8B423800AB893B /* Account+PLDAccount.m in Sources */ = {isa = PBXBuildFile; fileRef = 0A315B751A8B423800AB893B /* Account+PLDAccount.m */; };
		0A315BB81A8B423800AB893B /* Balance+PLDBalance.m in Sources */ = {isa = PBXBuildFile; fileRef = 0A315B771A8B423800AB893B /* Balance+PLDBalance.m */; };
		0A315BB91A8B423800AB893B /* Institution+PLDInstitution.m in Sources */ = {isa = PBXBuildFile; fileRef = 0A315B791A8B423800AB893B /* Institution+PLDInstitution.m */; };
		0A315BBA1A8B423800AB893B /* NSManagedObject+PLDManagedObject.m in Sources */ = {isa = PBXBuildFile; fileRef = 0A315B7B1A8B423800AB893B /* NSManagedObject+PLDManagedObject.m */; };
		0A315BBB1A8B423800AB893B /* P_Category+PLDCategory.m in Sources */ = {isa = PBXBuildFile; fileRef = 0A315B7D1A8B423800AB893B /* P_Category+PLDCategory.m */; };
		0A315BBD1A8B423800AB893B /* Product+PLDProduct.m in Sources */ = {isa = PBXBuildFile; fileRef = 0A315B811A8B423800AB893B /* Product+PLDProduct.m */; };
		0A315BBE1A8B423800AB893B /* Transaction+PLDTransaction.m in Sources */ = {isa = PBXBuildFile; fileRef = 0A315B831A8B423800AB893B /* Transaction+PLDTransaction.m */; };
		0A315BC01A8B423800AB893B /* CoreDataStack.m in Sources */ = {isa = PBXBuildFile; fileRef = 0A315B871A8B423800AB893B /* CoreDataStack.m */; };
		0A315BCB1A8B423800AB893B /* HTTPResponseSerializer.m in Sources */ = {isa = PBXBuildFile; fileRef = 0A315B9F1A8B423800AB893B /* HTTPResponseSerializer.m */; };
		0A315BCC1A8B423800AB893B /* PLDServiceManager.m in Sources */ = {isa = PBXBuildFile; fileRef = 0A315BA11A8B423800AB893B /* PLDServiceManager.m */; };
		0A315BCD1A8B423800AB893B /* Plaid.m in Sources */ = {isa = PBXBuildFile; fileRef = 0A315BA41A8B423800AB893B /* Plaid.m */; };
		0A315BCE1A8B423800AB893B /* PLDAccount.m in Sources */ = {isa = PBXBuildFile; fileRef = 0A315BA61A8B423800AB893B /* PLDAccount.m */; };
		0A315BCF1A8B423800AB893B /* PLDAuthenticationItem.m in Sources */ = {isa = PBXBuildFile; fileRef = 0A315BA81A8B423800AB893B /* PLDAuthenticationItem.m */; };
		0A315BD01A8B423800AB893B /* PLDUtilities.m in Sources */ = {isa = PBXBuildFile; fileRef = 0A315BAB1A8B423800AB893B /* PLDUtilities.m */; };
		0A315BD61A8B424100AB893B /* PlaidTest.m in Sources */ = {isa = PBXBuildFile; fileRef = 0A315BD11A8B424100AB893B /* PlaidTest.m */; };
		0A315BD71A8B424100AB893B /* PLDOperationTests.m in Sources */ = {isa = PBXBuildFile; fileRef = 0A315BD21A8B424100AB893B /* PLDOperationTests.m */; };
		0A315BD81A8B424100AB893B /* PLDServiceManagerTest.m in Sources */ = {isa = PBXBuildFile; fileRef = 0A315BD31A8B424100AB893B /* PLDServiceManagerTest.m */; };
		0A315BD91A8B424100AB893B /* PLDTestUtilities.m in Sources */ = {isa = PBXBuildFile; fileRef = 0A315BD51A8B424100AB893B /* PLDTestUtilities.m */; };
		0AA2F3701AA3D8E900F85E69 /* Account.m in Sources */ = {isa = PBXBuildFile; fileRef = 0AA2F36F1AA3D8E900F85E69 /* Account.m */; };
		0AAF1CFE1AA3B83100754023 /* Balance.m in Sources */ = {isa = PBXBuildFile; fileRef = 0AAF1CEE1AA3B83100754023 /* Balance.m */; };
		0AAF1CFF1AA3B83100754023 /* Credential.m in Sources */ = {isa = PBXBuildFile; fileRef = 0AAF1CF01AA3B83100754023 /* Credential.m */; };
		0AAF1D001AA3B83100754023 /* Institution.m in Sources */ = {isa = PBXBuildFile; fileRef = 0AAF1CF21AA3B83100754023 /* Institution.m */; };
		0AAF1D011AA3B83100754023 /* Location.m in Sources */ = {isa = PBXBuildFile; fileRef = 0AAF1CF41AA3B83100754023 /* Location.m */; };
		0AAF1D021AA3B83100754023 /* MFA.m in Sources */ = {isa = PBXBuildFile; fileRef = 0AAF1CF61AA3B83100754023 /* MFA.m */; };
		0AAF1D031AA3B83100754023 /* P_Category.m in Sources */ = {isa = PBXBuildFile; fileRef = 0AAF1CF81AA3B83100754023 /* P_Category.m */; };
		0AAF1D041AA3B83100754023 /* Product.m in Sources */ = {isa = PBXBuildFile; fileRef = 0AAF1CFA1AA3B83100754023 /* Product.m */; };
		0AAF1D051AA3B83100754023 /* Transaction.m in Sources */ = {isa = PBXBuildFile; fileRef = 0AAF1CFC1AA3B83100754023 /* Transaction.m */; };
		0AAF1D391AA3BA3000754023 /* AppDelegate.m in Sources */ = {isa = PBXBuildFile; fileRef = 0AAF1D361AA3BA3000754023 /* AppDelegate.m */; };
		0AAF1D3A1AA3BA3000754023 /* Info.plist in Resources */ = {isa = PBXBuildFile; fileRef = 0AAF1D371AA3BA3000754023 /* Info.plist */; };
		0AAF1D3B1AA3BA3000754023 /* main.m in Sources */ = {isa = PBXBuildFile; fileRef = 0AAF1D381AA3BA3000754023 /* main.m */; };
		0AB801701A932328004E6185 /* Plaid.xcdatamodeld in Sources */ = {isa = PBXBuildFile; fileRef = 0AB8016E1A932328004E6185 /* Plaid.xcdatamodeld */; };
/* End PBXBuildFile section */

/* Begin PBXContainerItemProxy section */
		0A315B481A8B420B00AB893B /* PBXContainerItemProxy */ = {
			isa = PBXContainerItemProxy;
			containerPortal = 0A315B231A8B420B00AB893B /* Project object */;
			proxyType = 1;
			remoteGlobalIDString = 0A315B2A1A8B420B00AB893B;
			remoteInfo = PlaidKit;
		};
/* End PBXContainerItemProxy section */

/* Begin PBXFileReference section */
		0A315B2B1A8B420B00AB893B /* PlaidKit.app */ = {isa = PBXFileReference; explicitFileType = wrapper.application; includeInIndex = 0; path = PlaidKit.app; sourceTree = BUILT_PRODUCTS_DIR; };
		0A315B3C1A8B420B00AB893B /* Base */ = {isa = PBXFileReference; lastKnownFileType = file.storyboard; name = Base; path = Base.lproj/Main.storyboard; sourceTree = "<group>"; };
		0A315B3E1A8B420B00AB893B /* Images.xcassets */ = {isa = PBXFileReference; lastKnownFileType = folder.assetcatalog; path = Images.xcassets; sourceTree = "<group>"; };
		0A315B411A8B420B00AB893B /* Base */ = {isa = PBXFileReference; lastKnownFileType = file.xib; name = Base; path = Base.lproj/LaunchScreen.xib; sourceTree = "<group>"; };
		0A315B471A8B420B00AB893B /* PlaidKitTests.xctest */ = {isa = PBXFileReference; explicitFileType = wrapper.cfbundle; includeInIndex = 0; path = PlaidKitTests.xctest; sourceTree = BUILT_PRODUCTS_DIR; };
		0A315B4C1A8B420B00AB893B /* Info.plist */ = {isa = PBXFileReference; lastKnownFileType = text.plist.xml; path = Info.plist; sourceTree = "<group>"; };
		0A315B4D1A8B420B00AB893B /* PlaidKitTests.m */ = {isa = PBXFileReference; lastKnownFileType = sourcecode.c.objc; path = PlaidKitTests.m; sourceTree = "<group>"; };
		0A315B5D1A8B423800AB893B /* PLDFetchCategoriesOperation.h */ = {isa = PBXFileReference; fileEncoding = 4; lastKnownFileType = sourcecode.c.h; path = PLDFetchCategoriesOperation.h; sourceTree = "<group>"; };
		0A315B5E1A8B423800AB893B /* PLDFetchCategoriesOperation.m */ = {isa = PBXFileReference; fileEncoding = 4; lastKnownFileType = sourcecode.c.objc; path = PLDFetchCategoriesOperation.m; sourceTree = "<group>"; };
		0A315B5F1A8B423800AB893B /* PLDFetchInstitutionsOperation.h */ = {isa = PBXFileReference; fileEncoding = 4; lastKnownFileType = sourcecode.c.h; path = PLDFetchInstitutionsOperation.h; sourceTree = "<group>"; };
		0A315B601A8B423800AB893B /* PLDFetchInstitutionsOperation.m */ = {isa = PBXFileReference; fileEncoding = 4; lastKnownFileType = sourcecode.c.objc; path = PLDFetchInstitutionsOperation.m; sourceTree = "<group>"; };
		0A315B611A8B423800AB893B /* PLDFetchTransactionsOperation.h */ = {isa = PBXFileReference; fileEncoding = 4; lastKnownFileType = sourcecode.c.h; path = PLDFetchTransactionsOperation.h; sourceTree = "<group>"; };
		0A315B621A8B423800AB893B /* PLDFetchTransactionsOperation.m */ = {isa = PBXFileReference; fileEncoding = 4; lastKnownFileType = sourcecode.c.objc; path = PLDFetchTransactionsOperation.m; sourceTree = "<group>"; };
		0A315B641A8B423800AB893B /* PLDPersistAccountsOperation.h */ = {isa = PBXFileReference; fileEncoding = 4; lastKnownFileType = sourcecode.c.h; path = PLDPersistAccountsOperation.h; sourceTree = "<group>"; };
		0A315B651A8B423800AB893B /* PLDPersistAccountsOperation.m */ = {isa = PBXFileReference; fileEncoding = 4; lastKnownFileType = sourcecode.c.objc; path = PLDPersistAccountsOperation.m; sourceTree = "<group>"; };
		0A315B661A8B423800AB893B /* PLDPersistCategoriesOperation.h */ = {isa = PBXFileReference; fileEncoding = 4; lastKnownFileType = sourcecode.c.h; path = PLDPersistCategoriesOperation.h; sourceTree = "<group>"; };
		0A315B671A8B423800AB893B /* PLDPersistCategoriesOperation.m */ = {isa = PBXFileReference; fileEncoding = 4; lastKnownFileType = sourcecode.c.objc; path = PLDPersistCategoriesOperation.m; sourceTree = "<group>"; };
		0A315B681A8B423800AB893B /* PLDPersistInstitutionsOperation.h */ = {isa = PBXFileReference; fileEncoding = 4; lastKnownFileType = sourcecode.c.h; path = PLDPersistInstitutionsOperation.h; sourceTree = "<group>"; };
		0A315B691A8B423800AB893B /* PLDPersistInstitutionsOperation.m */ = {isa = PBXFileReference; fileEncoding = 4; lastKnownFileType = sourcecode.c.objc; path = PLDPersistInstitutionsOperation.m; sourceTree = "<group>"; };
		0A315B6A1A8B423800AB893B /* PLDPersistTransactionsOperation.h */ = {isa = PBXFileReference; fileEncoding = 4; lastKnownFileType = sourcecode.c.h; path = PLDPersistTransactionsOperation.h; sourceTree = "<group>"; };
		0A315B6B1A8B423800AB893B /* PLDPersistTransactionsOperation.m */ = {isa = PBXFileReference; fileEncoding = 4; lastKnownFileType = sourcecode.c.objc; path = PLDPersistTransactionsOperation.m; sourceTree = "<group>"; };
		0A315B6E1A8B423800AB893B /* PLDOperation.h */ = {isa = PBXFileReference; fileEncoding = 4; lastKnownFileType = sourcecode.c.h; path = PLDOperation.h; sourceTree = "<group>"; };
		0A315B6F1A8B423800AB893B /* PLDOperation.m */ = {isa = PBXFileReference; fileEncoding = 4; lastKnownFileType = sourcecode.c.objc; path = PLDOperation.m; sourceTree = "<group>"; };
		0A315B701A8B423800AB893B /* PLDOperationController.h */ = {isa = PBXFileReference; fileEncoding = 4; lastKnownFileType = sourcecode.c.h; path = PLDOperationController.h; sourceTree = "<group>"; };
		0A315B711A8B423800AB893B /* PLDOperationController.m */ = {isa = PBXFileReference; fileEncoding = 4; lastKnownFileType = sourcecode.c.objc; path = PLDOperationController.m; sourceTree = "<group>"; };
		0A315B741A8B423800AB893B /* Account+PLDAccount.h */ = {isa = PBXFileReference; fileEncoding = 4; lastKnownFileType = sourcecode.c.h; path = "Account+PLDAccount.h"; sourceTree = "<group>"; };
		0A315B751A8B423800AB893B /* Account+PLDAccount.m */ = {isa = PBXFileReference; fileEncoding = 4; lastKnownFileType = sourcecode.c.objc; path = "Account+PLDAccount.m"; sourceTree = "<group>"; };
		0A315B761A8B423800AB893B /* Balance+PLDBalance.h */ = {isa = PBXFileReference; fileEncoding = 4; lastKnownFileType = sourcecode.c.h; path = "Balance+PLDBalance.h"; sourceTree = "<group>"; };
		0A315B771A8B423800AB893B /* Balance+PLDBalance.m */ = {isa = PBXFileReference; fileEncoding = 4; lastKnownFileType = sourcecode.c.objc; path = "Balance+PLDBalance.m"; sourceTree = "<group>"; };
		0A315B781A8B423800AB893B /* Institution+PLDInstitution.h */ = {isa = PBXFileReference; fileEncoding = 4; lastKnownFileType = sourcecode.c.h; path = "Institution+PLDInstitution.h"; sourceTree = "<group>"; };
		0A315B791A8B423800AB893B /* Institution+PLDInstitution.m */ = {isa = PBXFileReference; fileEncoding = 4; lastKnownFileType = sourcecode.c.objc; path = "Institution+PLDInstitution.m"; sourceTree = "<group>"; };
		0A315B7A1A8B423800AB893B /* NSManagedObject+PLDManagedObject.h */ = {isa = PBXFileReference; fileEncoding = 4; lastKnownFileType = sourcecode.c.h; path = "NSManagedObject+PLDManagedObject.h"; sourceTree = "<group>"; };
		0A315B7B1A8B423800AB893B /* NSManagedObject+PLDManagedObject.m */ = {isa = PBXFileReference; fileEncoding = 4; lastKnownFileType = sourcecode.c.objc; path = "NSManagedObject+PLDManagedObject.m"; sourceTree = "<group>"; };
		0A315B7C1A8B423800AB893B /* P_Category+PLDCategory.h */ = {isa = PBXFileReference; fileEncoding = 4; lastKnownFileType = sourcecode.c.h; path = "P_Category+PLDCategory.h"; sourceTree = "<group>"; };
		0A315B7D1A8B423800AB893B /* P_Category+PLDCategory.m */ = {isa = PBXFileReference; fileEncoding = 4; lastKnownFileType = sourcecode.c.objc; path = "P_Category+PLDCategory.m"; sourceTree = "<group>"; };
		0A315B801A8B423800AB893B /* Product+PLDProduct.h */ = {isa = PBXFileReference; fileEncoding = 4; lastKnownFileType = sourcecode.c.h; path = "Product+PLDProduct.h"; sourceTree = "<group>"; };
		0A315B811A8B423800AB893B /* Product+PLDProduct.m */ = {isa = PBXFileReference; fileEncoding = 4; lastKnownFileType = sourcecode.c.objc; path = "Product+PLDProduct.m"; sourceTree = "<group>"; };
		0A315B821A8B423800AB893B /* Transaction+PLDTransaction.h */ = {isa = PBXFileReference; fileEncoding = 4; lastKnownFileType = sourcecode.c.h; path = "Transaction+PLDTransaction.h"; sourceTree = "<group>"; };
		0A315B831A8B423800AB893B /* Transaction+PLDTransaction.m */ = {isa = PBXFileReference; fileEncoding = 4; lastKnownFileType = sourcecode.c.objc; path = "Transaction+PLDTransaction.m"; sourceTree = "<group>"; };
		0A315B861A8B423800AB893B /* CoreDataStack.h */ = {isa = PBXFileReference; fileEncoding = 4; lastKnownFileType = sourcecode.c.h; path = CoreDataStack.h; sourceTree = "<group>"; };
		0A315B871A8B423800AB893B /* CoreDataStack.m */ = {isa = PBXFileReference; fileEncoding = 4; lastKnownFileType = sourcecode.c.objc; path = CoreDataStack.m; sourceTree = "<group>"; };
		0A315B9E1A8B423800AB893B /* HTTPResponseSerializer.h */ = {isa = PBXFileReference; fileEncoding = 4; lastKnownFileType = sourcecode.c.h; path = HTTPResponseSerializer.h; sourceTree = "<group>"; };
		0A315B9F1A8B423800AB893B /* HTTPResponseSerializer.m */ = {isa = PBXFileReference; fileEncoding = 4; lastKnownFileType = sourcecode.c.objc; path = HTTPResponseSerializer.m; sourceTree = "<group>"; };
		0A315BA01A8B423800AB893B /* PLDServiceManager.h */ = {isa = PBXFileReference; fileEncoding = 4; lastKnownFileType = sourcecode.c.h; path = PLDServiceManager.h; sourceTree = "<group>"; };
		0A315BA11A8B423800AB893B /* PLDServiceManager.m */ = {isa = PBXFileReference; fileEncoding = 4; lastKnownFileType = sourcecode.c.objc; path = PLDServiceManager.m; sourceTree = "<group>"; };
		0A315BA31A8B423800AB893B /* Plaid.h */ = {isa = PBXFileReference; fileEncoding = 4; lastKnownFileType = sourcecode.c.h; path = Plaid.h; sourceTree = "<group>"; };
		0A315BA41A8B423800AB893B /* Plaid.m */ = {isa = PBXFileReference; fileEncoding = 4; lastKnownFileType = sourcecode.c.objc; path = Plaid.m; sourceTree = "<group>"; };
		0A315BA51A8B423800AB893B /* PLDAccount.h */ = {isa = PBXFileReference; fileEncoding = 4; lastKnownFileType = sourcecode.c.h; path = PLDAccount.h; sourceTree = "<group>"; };
		0A315BA61A8B423800AB893B /* PLDAccount.m */ = {isa = PBXFileReference; fileEncoding = 4; lastKnownFileType = sourcecode.c.objc; path = PLDAccount.m; sourceTree = "<group>"; };
		0A315BA71A8B423800AB893B /* PLDAuthenticationItem.h */ = {isa = PBXFileReference; fileEncoding = 4; lastKnownFileType = sourcecode.c.h; path = PLDAuthenticationItem.h; sourceTree = "<group>"; };
		0A315BA81A8B423800AB893B /* PLDAuthenticationItem.m */ = {isa = PBXFileReference; fileEncoding = 4; lastKnownFileType = sourcecode.c.objc; path = PLDAuthenticationItem.m; sourceTree = "<group>"; };
		0A315BAA1A8B423800AB893B /* PLDUtilities.h */ = {isa = PBXFileReference; fileEncoding = 4; lastKnownFileType = sourcecode.c.h; path = PLDUtilities.h; sourceTree = "<group>"; };
		0A315BAB1A8B423800AB893B /* PLDUtilities.m */ = {isa = PBXFileReference; fileEncoding = 4; lastKnownFileType = sourcecode.c.objc; path = PLDUtilities.m; sourceTree = "<group>"; };
		0A315BD11A8B424100AB893B /* PlaidTest.m */ = {isa = PBXFileReference; fileEncoding = 4; lastKnownFileType = sourcecode.c.objc; path = PlaidTest.m; sourceTree = "<group>"; };
		0A315BD21A8B424100AB893B /* PLDOperationTests.m */ = {isa = PBXFileReference; fileEncoding = 4; lastKnownFileType = sourcecode.c.objc; path = PLDOperationTests.m; sourceTree = "<group>"; };
		0A315BD31A8B424100AB893B /* PLDServiceManagerTest.m */ = {isa = PBXFileReference; fileEncoding = 4; lastKnownFileType = sourcecode.c.objc; path = PLDServiceManagerTest.m; sourceTree = "<group>"; };
		0A315BD41A8B424100AB893B /* PLDTestUtilities.h */ = {isa = PBXFileReference; fileEncoding = 4; lastKnownFileType = sourcecode.c.h; path = PLDTestUtilities.h; sourceTree = "<group>"; };
		0A315BD51A8B424100AB893B /* PLDTestUtilities.m */ = {isa = PBXFileReference; fileEncoding = 4; lastKnownFileType = sourcecode.c.objc; path = PLDTestUtilities.m; sourceTree = "<group>"; };
		0AA2F36E1AA3D8E900F85E69 /* Account.h */ = {isa = PBXFileReference; fileEncoding = 4; lastKnownFileType = sourcecode.c.h; name = Account.h; path = ../../../Resources/Account.h; sourceTree = "<group>"; };
		0AA2F36F1AA3D8E900F85E69 /* Account.m */ = {isa = PBXFileReference; fileEncoding = 4; lastKnownFileType = sourcecode.c.objc; name = Account.m; path = ../../../Resources/Account.m; sourceTree = "<group>"; };
		0AAF1CED1AA3B83100754023 /* Balance.h */ = {isa = PBXFileReference; fileEncoding = 4; lastKnownFileType = sourcecode.c.h; path = Balance.h; sourceTree = "<group>"; };
		0AAF1CEE1AA3B83100754023 /* Balance.m */ = {isa = PBXFileReference; fileEncoding = 4; lastKnownFileType = sourcecode.c.objc; path = Balance.m; sourceTree = "<group>"; };
		0AAF1CEF1AA3B83100754023 /* Credential.h */ = {isa = PBXFileReference; fileEncoding = 4; lastKnownFileType = sourcecode.c.h; path = Credential.h; sourceTree = "<group>"; };
		0AAF1CF01AA3B83100754023 /* Credential.m */ = {isa = PBXFileReference; fileEncoding = 4; lastKnownFileType = sourcecode.c.objc; path = Credential.m; sourceTree = "<group>"; };
		0AAF1CF11AA3B83100754023 /* Institution.h */ = {isa = PBXFileReference; fileEncoding = 4; lastKnownFileType = sourcecode.c.h; path = Institution.h; sourceTree = "<group>"; };
		0AAF1CF21AA3B83100754023 /* Institution.m */ = {isa = PBXFileReference; fileEncoding = 4; lastKnownFileType = sourcecode.c.objc; path = Institution.m; sourceTree = "<group>"; };
		0AAF1CF31AA3B83100754023 /* Location.h */ = {isa = PBXFileReference; fileEncoding = 4; lastKnownFileType = sourcecode.c.h; path = Location.h; sourceTree = "<group>"; };
		0AAF1CF41AA3B83100754023 /* Location.m */ = {isa = PBXFileReference; fileEncoding = 4; lastKnownFileType = sourcecode.c.objc; path = Location.m; sourceTree = "<group>"; };
		0AAF1CF51AA3B83100754023 /* MFA.h */ = {isa = PBXFileReference; fileEncoding = 4; lastKnownFileType = sourcecode.c.h; path = MFA.h; sourceTree = "<group>"; };
		0AAF1CF61AA3B83100754023 /* MFA.m */ = {isa = PBXFileReference; fileEncoding = 4; lastKnownFileType = sourcecode.c.objc; path = MFA.m; sourceTree = "<group>"; };
		0AAF1CF71AA3B83100754023 /* P_Category.h */ = {isa = PBXFileReference; fileEncoding = 4; lastKnownFileType = sourcecode.c.h; path = P_Category.h; sourceTree = "<group>"; };
		0AAF1CF81AA3B83100754023 /* P_Category.m */ = {isa = PBXFileReference; fileEncoding = 4; lastKnownFileType = sourcecode.c.objc; path = P_Category.m; sourceTree = "<group>"; };
		0AAF1CF91AA3B83100754023 /* Product.h */ = {isa = PBXFileReference; fileEncoding = 4; lastKnownFileType = sourcecode.c.h; path = Product.h; sourceTree = "<group>"; };
		0AAF1CFA1AA3B83100754023 /* Product.m */ = {isa = PBXFileReference; fileEncoding = 4; lastKnownFileType = sourcecode.c.objc; path = Product.m; sourceTree = "<group>"; };
		0AAF1CFB1AA3B83100754023 /* Transaction.h */ = {isa = PBXFileReference; fileEncoding = 4; lastKnownFileType = sourcecode.c.h; path = Transaction.h; sourceTree = "<group>"; };
		0AAF1CFC1AA3B83100754023 /* Transaction.m */ = {isa = PBXFileReference; fileEncoding = 4; lastKnownFileType = sourcecode.c.objc; path = Transaction.m; sourceTree = "<group>"; };
		0AAF1D351AA3BA3000754023 /* AppDelegate.h */ = {isa = PBXFileReference; fileEncoding = 4; lastKnownFileType = sourcecode.c.h; path = AppDelegate.h; sourceTree = "<group>"; };
		0AAF1D361AA3BA3000754023 /* AppDelegate.m */ = {isa = PBXFileReference; fileEncoding = 4; lastKnownFileType = sourcecode.c.objc; path = AppDelegate.m; sourceTree = "<group>"; };
		0AAF1D371AA3BA3000754023 /* Info.plist */ = {isa = PBXFileReference; fileEncoding = 4; lastKnownFileType = text.plist.xml; path = Info.plist; sourceTree = "<group>"; };
		0AAF1D381AA3BA3000754023 /* main.m */ = {isa = PBXFileReference; fileEncoding = 4; lastKnownFileType = sourcecode.c.objc; path = main.m; sourceTree = "<group>"; };
		0AB8016F1A932328004E6185 /* Plaid.xcdatamodel */ = {isa = PBXFileReference; lastKnownFileType = wrapper.xcdatamodel; path = Plaid.xcdatamodel; sourceTree = "<group>"; };
/* End PBXFileReference section */

/* Begin PBXFrameworksBuildPhase section */
		0A315B281A8B420B00AB893B /* Frameworks */ = {
			isa = PBXFrameworksBuildPhase;
			buildActionMask = 2147483647;
			files = (
			);
			runOnlyForDeploymentPostprocessing = 0;
		};
		0A315B441A8B420B00AB893B /* Frameworks */ = {
			isa = PBXFrameworksBuildPhase;
			buildActionMask = 2147483647;
			files = (
			);
			runOnlyForDeploymentPostprocessing = 0;
		};
/* End PBXFrameworksBuildPhase section */

/* Begin PBXGroup section */
		0A315B221A8B420B00AB893B = {
			isa = PBXGroup;
			children = (
				0A315B2D1A8B420B00AB893B /* PlaidKit */,
				0A315B4A1A8B420B00AB893B /* PlaidKitTests */,
				0A315B2C1A8B420B00AB893B /* Products */,
			);
			sourceTree = "<group>";
		};
		0A315B2C1A8B420B00AB893B /* Products */ = {
			isa = PBXGroup;
			children = (
				0A315B2B1A8B420B00AB893B /* PlaidKit.app */,
				0A315B471A8B420B00AB893B /* PlaidKitTests.xctest */,
			);
			name = Products;
			sourceTree = "<group>";
		};
		0A315B2D1A8B420B00AB893B /* PlaidKit */ = {
			isa = PBXGroup;
			children = (
				0AB8016D1A932328004E6185 /* Resources */,
				0A315B571A8B423800AB893B /* Code */,
				0A315B2E1A8B420B00AB893B /* Supporting Files */,
			);
			path = PlaidKit;
			sourceTree = "<group>";
		};
		0A315B2E1A8B420B00AB893B /* Supporting Files */ = {
			isa = PBXGroup;
			children = (
				0AAF1D351AA3BA3000754023 /* AppDelegate.h */,
				0AAF1D361AA3BA3000754023 /* AppDelegate.m */,
				0AAF1D371AA3BA3000754023 /* Info.plist */,
				0AAF1D381AA3BA3000754023 /* main.m */,
				0A315B3B1A8B420B00AB893B /* Main.storyboard */,
				0A315B3E1A8B420B00AB893B /* Images.xcassets */,
				0A315B401A8B420B00AB893B /* LaunchScreen.xib */,
			);
			name = "Supporting Files";
			sourceTree = "<group>";
		};
		0A315B4A1A8B420B00AB893B /* PlaidKitTests */ = {
			isa = PBXGroup;
			children = (
				0A315BD11A8B424100AB893B /* PlaidTest.m */,
				0A315BD21A8B424100AB893B /* PLDOperationTests.m */,
				0A315BD31A8B424100AB893B /* PLDServiceManagerTest.m */,
				0A315BD41A8B424100AB893B /* PLDTestUtilities.h */,
				0A315BD51A8B424100AB893B /* PLDTestUtilities.m */,
				0A315B4D1A8B420B00AB893B /* PlaidKitTests.m */,
				0A315B4B1A8B420B00AB893B /* Supporting Files */,
			);
			path = PlaidKitTests;
			sourceTree = "<group>";
		};
		0A315B4B1A8B420B00AB893B /* Supporting Files */ = {
			isa = PBXGroup;
			children = (
				0A315B4C1A8B420B00AB893B /* Info.plist */,
			);
			name = "Supporting Files";
			sourceTree = "<group>";
		};
		0A315B571A8B423800AB893B /* Code */ = {
			isa = PBXGroup;
			children = (
				0A315B581A8B423800AB893B /* Concurency */,
				0A315B721A8B423800AB893B /* Model */,
				0A315B9D1A8B423800AB893B /* Networking */,
				0A315BA21A8B423800AB893B /* Public */,
				0A315BA91A8B423800AB893B /* Utilities */,
			);
			path = Code;
			sourceTree = "<group>";
		};
		0A315B581A8B423800AB893B /* Concurency */ = {
			isa = PBXGroup;
			children = (
				0A315B591A8B423800AB893B /* Operations */,
				0A315B6E1A8B423800AB893B /* PLDOperation.h */,
				0A315B6F1A8B423800AB893B /* PLDOperation.m */,
				0A315B701A8B423800AB893B /* PLDOperationController.h */,
				0A315B711A8B423800AB893B /* PLDOperationController.m */,
			);
			path = Concurency;
			sourceTree = "<group>";
		};
		0A315B591A8B423800AB893B /* Operations */ = {
			isa = PBXGroup;
			children = (
				0A315B5A1A8B423800AB893B /* Fetch Operations */,
				0A315B631A8B423800AB893B /* Persist Operations */,
			);
			path = Operations;
			sourceTree = "<group>";
		};
		0A315B5A1A8B423800AB893B /* Fetch Operations */ = {
			isa = PBXGroup;
			children = (
				0A315B5D1A8B423800AB893B /* PLDFetchCategoriesOperation.h */,
				0A315B5E1A8B423800AB893B /* PLDFetchCategoriesOperation.m */,
				0A315B5F1A8B423800AB893B /* PLDFetchInstitutionsOperation.h */,
				0A315B601A8B423800AB893B /* PLDFetchInstitutionsOperation.m */,
				0A315B611A8B423800AB893B /* PLDFetchTransactionsOperation.h */,
				0A315B621A8B423800AB893B /* PLDFetchTransactionsOperation.m */,
			);
			path = "Fetch Operations";
			sourceTree = "<group>";
		};
		0A315B631A8B423800AB893B /* Persist Operations */ = {
			isa = PBXGroup;
			children = (
				0A315B641A8B423800AB893B /* PLDPersistAccountsOperation.h */,
				0A315B651A8B423800AB893B /* PLDPersistAccountsOperation.m */,
				0A315B661A8B423800AB893B /* PLDPersistCategoriesOperation.h */,
				0A315B671A8B423800AB893B /* PLDPersistCategoriesOperation.m */,
				0A315B681A8B423800AB893B /* PLDPersistInstitutionsOperation.h */,
				0A315B691A8B423800AB893B /* PLDPersistInstitutionsOperation.m */,
				0A315B6A1A8B423800AB893B /* PLDPersistTransactionsOperation.h */,
				0A315B6B1A8B423800AB893B /* PLDPersistTransactionsOperation.m */,
			);
			path = "Persist Operations";
			sourceTree = "<group>";
		};
		0A315B721A8B423800AB893B /* Model */ = {
			isa = PBXGroup;
			children = (
				0A315B731A8B423800AB893B /* Categories */,
				0A315B861A8B423800AB893B /* CoreDataStack.h */,
				0A315B871A8B423800AB893B /* CoreDataStack.m */,
				0A315B881A8B423800AB893B /* Managed Objects */,
			);
			path = Model;
			sourceTree = "<group>";
		};
		0A315B731A8B423800AB893B /* Categories */ = {
			isa = PBXGroup;
			children = (
				0A315B741A8B423800AB893B /* Account+PLDAccount.h */,
				0A315B751A8B423800AB893B /* Account+PLDAccount.m */,
				0A315B761A8B423800AB893B /* Balance+PLDBalance.h */,
				0A315B771A8B423800AB893B /* Balance+PLDBalance.m */,
				0A315B781A8B423800AB893B /* Institution+PLDInstitution.h */,
				0A315B791A8B423800AB893B /* Institution+PLDInstitution.m */,
				0A315B7A1A8B423800AB893B /* NSManagedObject+PLDManagedObject.h */,
				0A315B7B1A8B423800AB893B /* NSManagedObject+PLDManagedObject.m */,
				0A315B7C1A8B423800AB893B /* P_Category+PLDCategory.h */,
				0A315B7D1A8B423800AB893B /* P_Category+PLDCategory.m */,
				0A315B801A8B423800AB893B /* Product+PLDProduct.h */,
				0A315B811A8B423800AB893B /* Product+PLDProduct.m */,
				0A315B821A8B423800AB893B /* Transaction+PLDTransaction.h */,
				0A315B831A8B423800AB893B /* Transaction+PLDTransaction.m */,
			);
			path = Categories;
			sourceTree = "<group>";
		};
		0A315B881A8B423800AB893B /* Managed Objects */ = {
			isa = PBXGroup;
			children = (
				0AA2F36E1AA3D8E900F85E69 /* Account.h */,
				0AA2F36F1AA3D8E900F85E69 /* Account.m */,
				0AAF1CED1AA3B83100754023 /* Balance.h */,
				0AAF1CEE1AA3B83100754023 /* Balance.m */,
				0AAF1CEF1AA3B83100754023 /* Credential.h */,
				0AAF1CF01AA3B83100754023 /* Credential.m */,
				0AAF1CF11AA3B83100754023 /* Institution.h */,
				0AAF1CF21AA3B83100754023 /* Institution.m */,
				0AAF1CF31AA3B83100754023 /* Location.h */,
				0AAF1CF41AA3B83100754023 /* Location.m */,
				0AAF1CF51AA3B83100754023 /* MFA.h */,
				0AAF1CF61AA3B83100754023 /* MFA.m */,
				0AAF1CF71AA3B83100754023 /* P_Category.h */,
				0AAF1CF81AA3B83100754023 /* P_Category.m */,
				0AAF1CF91AA3B83100754023 /* Product.h */,
				0AAF1CFA1AA3B83100754023 /* Product.m */,
				0AAF1CFB1AA3B83100754023 /* Transaction.h */,
				0AAF1CFC1AA3B83100754023 /* Transaction.m */,
			);
			path = "Managed Objects";
			sourceTree = "<group>";
		};
		0A315B9D1A8B423800AB893B /* Networking */ = {
			isa = PBXGroup;
			children = (
				0A315B9E1A8B423800AB893B /* HTTPResponseSerializer.h */,
				0A315B9F1A8B423800AB893B /* HTTPResponseSerializer.m */,
				0A315BA01A8B423800AB893B /* PLDServiceManager.h */,
				0A315BA11A8B423800AB893B /* PLDServiceManager.m */,
			);
			path = Networking;
			sourceTree = "<group>";
		};
		0A315BA21A8B423800AB893B /* Public */ = {
			isa = PBXGroup;
			children = (
				0A315BA31A8B423800AB893B /* Plaid.h */,
				0A315BA41A8B423800AB893B /* Plaid.m */,
				0A315BA51A8B423800AB893B /* PLDAccount.h */,
				0A315BA61A8B423800AB893B /* PLDAccount.m */,
				0A315BA71A8B423800AB893B /* PLDAuthenticationItem.h */,
				0A315BA81A8B423800AB893B /* PLDAuthenticationItem.m */,
			);
			path = Public;
			sourceTree = "<group>";
		};
		0A315BA91A8B423800AB893B /* Utilities */ = {
			isa = PBXGroup;
			children = (
				0A315BAA1A8B423800AB893B /* PLDUtilities.h */,
				0A315BAB1A8B423800AB893B /* PLDUtilities.m */,
			);
			path = Utilities;
			sourceTree = "<group>";
		};
		0AB8016D1A932328004E6185 /* Resources */ = {
			isa = PBXGroup;
			children = (
				0AB8016E1A932328004E6185 /* Plaid.xcdatamodeld */,
			);
			path = Resources;
			sourceTree = "<group>";
		};
/* End PBXGroup section */

/* Begin PBXNativeTarget section */
		0A315B2A1A8B420B00AB893B /* PlaidKit */ = {
			isa = PBXNativeTarget;
			buildConfigurationList = 0A315B511A8B420B00AB893B /* Build configuration list for PBXNativeTarget "PlaidKit" */;
			buildPhases = (
				0A315B271A8B420B00AB893B /* Sources */,
				0A315B281A8B420B00AB893B /* Frameworks */,
				0A315B291A8B420B00AB893B /* Resources */,
			);
			buildRules = (
			);
			dependencies = (
			);
			name = PlaidKit;
			productName = PlaidKit;
			productReference = 0A315B2B1A8B420B00AB893B /* PlaidKit.app */;
			productType = "com.apple.product-type.application";
		};
		0A315B461A8B420B00AB893B /* PlaidKitTests */ = {
			isa = PBXNativeTarget;
			buildConfigurationList = 0A315B541A8B420B00AB893B /* Build configuration list for PBXNativeTarget "PlaidKitTests" */;
			buildPhases = (
				0A315B431A8B420B00AB893B /* Sources */,
				0A315B441A8B420B00AB893B /* Frameworks */,
				0A315B451A8B420B00AB893B /* Resources */,
			);
			buildRules = (
			);
			dependencies = (
				0A315B491A8B420B00AB893B /* PBXTargetDependency */,
			);
			name = PlaidKitTests;
			productName = PlaidKitTests;
			productReference = 0A315B471A8B420B00AB893B /* PlaidKitTests.xctest */;
			productType = "com.apple.product-type.bundle.unit-test";
		};
/* End PBXNativeTarget section */

/* Begin PBXProject section */
		0A315B231A8B420B00AB893B /* Project object */ = {
			isa = PBXProject;
			attributes = {
				LastUpgradeCheck = 0600;
				ORGANIZATIONNAME = "Kevin Coleman";
				TargetAttributes = {
					0A315B2A1A8B420B00AB893B = {
						CreatedOnToolsVersion = 6.0.1;
					};
					0A315B461A8B420B00AB893B = {
						CreatedOnToolsVersion = 6.0.1;
						TestTargetID = 0A315B2A1A8B420B00AB893B;
					};
				};
			};
			buildConfigurationList = 0A315B261A8B420B00AB893B /* Build configuration list for PBXProject "PlaidKit" */;
			compatibilityVersion = "Xcode 3.2";
			developmentRegion = English;
			hasScannedForEncodings = 0;
			knownRegions = (
				en,
				Base,
			);
			mainGroup = 0A315B221A8B420B00AB893B;
			productRefGroup = 0A315B2C1A8B420B00AB893B /* Products */;
			projectDirPath = "";
			projectRoot = "";
			targets = (
				0A315B2A1A8B420B00AB893B /* PlaidKit */,
				0A315B461A8B420B00AB893B /* PlaidKitTests */,
			);
		};
/* End PBXProject section */

/* Begin PBXResourcesBuildPhase section */
		0A315B291A8B420B00AB893B /* Resources */ = {
			isa = PBXResourcesBuildPhase;
			buildActionMask = 2147483647;
			files = (
				0AAF1D3A1AA3BA3000754023 /* Info.plist in Resources */,
				0A315B3D1A8B420B00AB893B /* Main.storyboard in Resources */,
				0A315B421A8B420B00AB893B /* LaunchScreen.xib in Resources */,
				0A315B3F1A8B420B00AB893B /* Images.xcassets in Resources */,
			);
			runOnlyForDeploymentPostprocessing = 0;
		};
		0A315B451A8B420B00AB893B /* Resources */ = {
			isa = PBXResourcesBuildPhase;
			buildActionMask = 2147483647;
			files = (
			);
			runOnlyForDeploymentPostprocessing = 0;
		};
/* End PBXResourcesBuildPhase section */

/* Begin PBXSourcesBuildPhase section */
		0A315B271A8B420B00AB893B /* Sources */ = {
			isa = PBXSourcesBuildPhase;
			buildActionMask = 2147483647;
			files = (
				0A315BBD1A8B423800AB893B /* Product+PLDProduct.m in Sources */,
				0A315BB71A8B423800AB893B /* Account+PLDAccount.m in Sources */,
				0A315BBA1A8B423800AB893B /* NSManagedObject+PLDManagedObject.m in Sources */,
				0A315BAE1A8B423800AB893B /* PLDFetchInstitutionsOperation.m in Sources */,
				0AAF1D011AA3B83100754023 /* Location.m in Sources */,
				0AB801701A932328004E6185 /* Plaid.xcdatamodeld in Sources */,
				0A315BCF1A8B423800AB893B /* PLDAuthenticationItem.m in Sources */,
				0A315BB21A8B423800AB893B /* PLDPersistInstitutionsOperation.m in Sources */,
				0AAF1D031AA3B83100754023 /* P_Category.m in Sources */,
				0A315BCE1A8B423800AB893B /* PLDAccount.m in Sources */,
				0A315BAD1A8B423800AB893B /* PLDFetchCategoriesOperation.m in Sources */,
				0A315BCD1A8B423800AB893B /* Plaid.m in Sources */,
				0AAF1CFE1AA3B83100754023 /* Balance.m in Sources */,
				0A315BB11A8B423800AB893B /* PLDPersistCategoriesOperation.m in Sources */,
				0A315BC01A8B423800AB893B /* CoreDataStack.m in Sources */,
				0A315BB91A8B423800AB893B /* Institution+PLDInstitution.m in Sources */,
				0A315BB01A8B423800AB893B /* PLDPersistAccountsOperation.m in Sources */,
				0A315BB51A8B423800AB893B /* PLDOperation.m in Sources */,
				0AA2F3701AA3D8E900F85E69 /* Account.m in Sources */,
				0AAF1CFF1AA3B83100754023 /* Credential.m in Sources */,
				0AAF1D3B1AA3BA3000754023 /* main.m in Sources */,
				0AAF1D391AA3BA3000754023 /* AppDelegate.m in Sources */,
				0AAF1D001AA3B83100754023 /* Institution.m in Sources */,
				0AAF1D041AA3B83100754023 /* Product.m in Sources */,
				0A315BAF1A8B423800AB893B /* PLDFetchTransactionsOperation.m in Sources */,
				0A315BB61A8B423800AB893B /* PLDOperationController.m in Sources */,
				0AAF1D051AA3B83100754023 /* Transaction.m in Sources */,
				0A315BCB1A8B423800AB893B /* HTTPResponseSerializer.m in Sources */,
				0A315BBE1A8B423800AB893B /* Transaction+PLDTransaction.m in Sources */,
				0A315BCC1A8B423800AB893B /* PLDServiceManager.m in Sources */,
				0A315BB31A8B423800AB893B /* PLDPersistTransactionsOperation.m in Sources */,
				0AAF1D021AA3B83100754023 /* MFA.m in Sources */,
				0A315BBB1A8B423800AB893B /* P_Category+PLDCategory.m in Sources */,
				0A315BD01A8B423800AB893B /* PLDUtilities.m in Sources */,
				0A315BB81A8B423800AB893B /* Balance+PLDBalance.m in Sources */,
			);
			runOnlyForDeploymentPostprocessing = 0;
		};
		0A315B431A8B420B00AB893B /* Sources */ = {
			isa = PBXSourcesBuildPhase;
			buildActionMask = 2147483647;
			files = (
				0A315BD61A8B424100AB893B /* PlaidTest.m in Sources */,
				0A315BD71A8B424100AB893B /* PLDOperationTests.m in Sources */,
				0A315BD81A8B424100AB893B /* PLDServiceManagerTest.m in Sources */,
				0A315B4E1A8B420B00AB893B /* PlaidKitTests.m in Sources */,
				0A315BD91A8B424100AB893B /* PLDTestUtilities.m in Sources */,
			);
			runOnlyForDeploymentPostprocessing = 0;
		};
/* End PBXSourcesBuildPhase section */

/* Begin PBXTargetDependency section */
		0A315B491A8B420B00AB893B /* PBXTargetDependency */ = {
			isa = PBXTargetDependency;
			target = 0A315B2A1A8B420B00AB893B /* PlaidKit */;
			targetProxy = 0A315B481A8B420B00AB893B /* PBXContainerItemProxy */;
		};
/* End PBXTargetDependency section */

/* Begin PBXVariantGroup section */
		0A315B3B1A8B420B00AB893B /* Main.storyboard */ = {
			isa = PBXVariantGroup;
			children = (
				0A315B3C1A8B420B00AB893B /* Base */,
			);
			name = Main.storyboard;
			sourceTree = "<group>";
		};
		0A315B401A8B420B00AB893B /* LaunchScreen.xib */ = {
			isa = PBXVariantGroup;
			children = (
				0A315B411A8B420B00AB893B /* Base */,
			);
			name = LaunchScreen.xib;
			sourceTree = "<group>";
		};
/* End PBXVariantGroup section */

/* Begin XCBuildConfiguration section */
		0A315B4F1A8B420B00AB893B /* Debug */ = {
			isa = XCBuildConfiguration;
			buildSettings = {
				ALWAYS_SEARCH_USER_PATHS = NO;
				CLANG_CXX_LANGUAGE_STANDARD = "gnu++0x";
				CLANG_CXX_LIBRARY = "libc++";
				CLANG_ENABLE_MODULES = YES;
				CLANG_ENABLE_OBJC_ARC = YES;
				CLANG_WARN_BOOL_CONVERSION = YES;
				CLANG_WARN_CONSTANT_CONVERSION = YES;
				CLANG_WARN_DIRECT_OBJC_ISA_USAGE = YES_ERROR;
				CLANG_WARN_EMPTY_BODY = YES;
				CLANG_WARN_ENUM_CONVERSION = YES;
				CLANG_WARN_INT_CONVERSION = YES;
				CLANG_WARN_OBJC_ROOT_CLASS = YES_ERROR;
				CLANG_WARN_UNREACHABLE_CODE = YES;
				CLANG_WARN__DUPLICATE_METHOD_MATCH = YES;
				"CODE_SIGN_IDENTITY[sdk=iphoneos*]" = "iPhone Developer";
				COPY_PHASE_STRIP = NO;
				ENABLE_STRICT_OBJC_MSGSEND = YES;
				GCC_C_LANGUAGE_STANDARD = gnu99;
				GCC_DYNAMIC_NO_PIC = NO;
				GCC_OPTIMIZATION_LEVEL = 0;
				GCC_PREPROCESSOR_DEFINITIONS = (
					"DEBUG=1",
					"$(inherited)",
				);
				GCC_SYMBOLS_PRIVATE_EXTERN = NO;
				GCC_WARN_64_TO_32_BIT_CONVERSION = YES;
				GCC_WARN_ABOUT_RETURN_TYPE = YES_ERROR;
				GCC_WARN_UNDECLARED_SELECTOR = YES;
				GCC_WARN_UNINITIALIZED_AUTOS = YES_AGGRESSIVE;
				GCC_WARN_UNUSED_FUNCTION = YES;
				GCC_WARN_UNUSED_VARIABLE = YES;
				IPHONEOS_DEPLOYMENT_TARGET = 8.0;
				MTL_ENABLE_DEBUG_INFO = YES;
				ONLY_ACTIVE_ARCH = YES;
				SDKROOT = iphoneos;
			};
			name = Debug;
		};
		0A315B501A8B420B00AB893B /* Release */ = {
			isa = XCBuildConfiguration;
			buildSettings = {
				ALWAYS_SEARCH_USER_PATHS = NO;
				CLANG_CXX_LANGUAGE_STANDARD = "gnu++0x";
				CLANG_CXX_LIBRARY = "libc++";
				CLANG_ENABLE_MODULES = YES;
				CLANG_ENABLE_OBJC_ARC = YES;
				CLANG_WARN_BOOL_CONVERSION = YES;
				CLANG_WARN_CONSTANT_CONVERSION = YES;
				CLANG_WARN_DIRECT_OBJC_ISA_USAGE = YES_ERROR;
				CLANG_WARN_EMPTY_BODY = YES;
				CLANG_WARN_ENUM_CONVERSION = YES;
				CLANG_WARN_INT_CONVERSION = YES;
				CLANG_WARN_OBJC_ROOT_CLASS = YES_ERROR;
				CLANG_WARN_UNREACHABLE_CODE = YES;
				CLANG_WARN__DUPLICATE_METHOD_MATCH = YES;
				"CODE_SIGN_IDENTITY[sdk=iphoneos*]" = "iPhone Developer";
				COPY_PHASE_STRIP = YES;
				ENABLE_NS_ASSERTIONS = NO;
				ENABLE_STRICT_OBJC_MSGSEND = YES;
				GCC_C_LANGUAGE_STANDARD = gnu99;
				GCC_WARN_64_TO_32_BIT_CONVERSION = YES;
				GCC_WARN_ABOUT_RETURN_TYPE = YES_ERROR;
				GCC_WARN_UNDECLARED_SELECTOR = YES;
				GCC_WARN_UNINITIALIZED_AUTOS = YES_AGGRESSIVE;
				GCC_WARN_UNUSED_FUNCTION = YES;
				GCC_WARN_UNUSED_VARIABLE = YES;
				IPHONEOS_DEPLOYMENT_TARGET = 8.0;
				MTL_ENABLE_DEBUG_INFO = NO;
				SDKROOT = iphoneos;
				VALIDATE_PRODUCT = YES;
			};
			name = Release;
		};
		0A315B521A8B420B00AB893B /* Debug */ = {
			isa = XCBuildConfiguration;
			buildSettings = {
				ASSETCATALOG_COMPILER_APPICON_NAME = AppIcon;
				INFOPLIST_FILE = PlaidKit/Info.plist;
				LD_RUNPATH_SEARCH_PATHS = "$(inherited) @executable_path/Frameworks";
				PRODUCT_NAME = "$(TARGET_NAME)";
			};
			name = Debug;
		};
		0A315B531A8B420B00AB893B /* Release */ = {
			isa = XCBuildConfiguration;
			buildSettings = {
				ASSETCATALOG_COMPILER_APPICON_NAME = AppIcon;
				INFOPLIST_FILE = PlaidKit/Info.plist;
				LD_RUNPATH_SEARCH_PATHS = "$(inherited) @executable_path/Frameworks";
				PRODUCT_NAME = "$(TARGET_NAME)";
			};
			name = Release;
		};
		0A315B551A8B420B00AB893B /* Debug */ = {
			isa = XCBuildConfiguration;
			buildSettings = {
				BUNDLE_LOADER = "$(TEST_HOST)";
				FRAMEWORK_SEARCH_PATHS = (
					"$(SDKROOT)/Developer/Library/Frameworks",
					"$(inherited)",
				);
				GCC_PREPROCESSOR_DEFINITIONS = (
					"DEBUG=1",
					"$(inherited)",
				);
				INFOPLIST_FILE = PlaidKitTests/Info.plist;
				LD_RUNPATH_SEARCH_PATHS = "$(inherited) @executable_path/Frameworks @loader_path/Frameworks";
				PRODUCT_NAME = "$(TARGET_NAME)";
				TEST_HOST = "$(BUILT_PRODUCTS_DIR)/PlaidKit.app/PlaidKit";
			};
			name = Debug;
		};
		0A315B561A8B420B00AB893B /* Release */ = {
			isa = XCBuildConfiguration;
			buildSettings = {
				BUNDLE_LOADER = "$(TEST_HOST)";
				FRAMEWORK_SEARCH_PATHS = (
					"$(SDKROOT)/Developer/Library/Frameworks",
					"$(inherited)",
				);
				INFOPLIST_FILE = PlaidKitTests/Info.plist;
				LD_RUNPATH_SEARCH_PATHS = "$(inherited) @executable_path/Frameworks @loader_path/Frameworks";
				PRODUCT_NAME = "$(TARGET_NAME)";
				TEST_HOST = "$(BUILT_PRODUCTS_DIR)/PlaidKit.app/PlaidKit";
			};
			name = Release;
		};
/* End XCBuildConfiguration section */

/* Begin XCConfigurationList section */
		0A315B261A8B420B00AB893B /* Build configuration list for PBXProject "PlaidKit" */ = {
			isa = XCConfigurationList;
			buildConfigurations = (
				0A315B4F1A8B420B00AB893B /* Debug */,
				0A315B501A8B420B00AB893B /* Release */,
			);
			defaultConfigurationIsVisible = 0;
			defaultConfigurationName = Release;
		};
		0A315B511A8B420B00AB893B /* Build configuration list for PBXNativeTarget "PlaidKit" */ = {
			isa = XCConfigurationList;
			buildConfigurations = (
				0A315B521A8B420B00AB893B /* Debug */,
				0A315B531A8B420B00AB893B /* Release */,
			);
			defaultConfigurationIsVisible = 0;
			defaultConfigurationName = Release;
		};
		0A315B541A8B420B00AB893B /* Build configuration list for PBXNativeTarget "PlaidKitTests" */ = {
			isa = XCConfigurationList;
			buildConfigurations = (
				0A315B551A8B420B00AB893B /* Debug */,
				0A315B561A8B420B00AB893B /* Release */,
			);
			defaultConfigurationIsVisible = 0;
			defaultConfigurationName = Release;
		};
/* End XCConfigurationList section */

/* Begin XCVersionGroup section */
		0AB8016E1A932328004E6185 /* Plaid.xcdatamodeld */ = {
			isa = XCVersionGroup;
			children = (
				0AB8016F1A932328004E6185 /* Plaid.xcdatamodel */,
			);
			currentVersion = 0AB8016F1A932328004E6185 /* Plaid.xcdatamodel */;
			path = Plaid.xcdatamodeld;
			sourceTree = "<group>";
			versionGroupType = wrapper.xcdatamodel;
		};
/* End XCVersionGroup section */
	};
	rootObject = 0A315B231A8B420B00AB893B /* Project object */;
}
